
Microsoft Visual Studio Solution File, Format Version 12.00
# Visual Studio Version 16
VisualStudioVersion = 16.0.30406.217
MinimumVisualStudioVersion = 10.0.40219.1
Project("{FAE04EC0-301F-11D3-BF4B-00C04F79EFBC}") = "01.Scheduling", "01.Scheduling\01.Scheduling.csproj", "{01AEBCDF-A51C-4877-8096-98786F977245}"
EndProject
Project("{FAE04EC0-301F-11D3-BF4B-00C04F79EFBC}") = "02.Garden", "02.Garden\02.Garden.csproj", "{25B23590-766C-4D95-A7D7-7BCFFD941910}"
EndProject
Global
	GlobalSection(SolutionConfigurationPlatforms) = preSolution
		Debug|Any CPU = Debug|Any CPU
		Release|Any CPU = Release|Any CPU
	EndGlobalSection
	GlobalSection(ProjectConfigurationPlatforms) = postSolution
		{01AEBCDF-A51C-4877-8096-98786F977245}.Debug|Any CPU.ActiveCfg = Debug|Any CPU
		{01AEBCDF-A51C-4877-8096-98786F977245}.Debug|Any CPU.Build.0 = Debug|Any CPU
		{01AEBCDF-A51C-4877-8096-98786F977245}.Release|Any CPU.ActiveCfg = Release|Any CPU
		{01AEBCDF-A51C-4877-8096-98786F977245}.Release|Any CPU.Build.0 = Release|Any CPU
		{25B23590-766C-4D95-A7D7-7BCFFD941910}.Debug|Any CPU.ActiveCfg = Debug|Any CPU
		{25B23590-766C-4D95-A7D7-7BCFFD941910}.Debug|Any CPU.Build.0 = Debug|Any CPU
		{25B23590-766C-4D95-A7D7-7BCFFD941910}.Release|Any CPU.ActiveCfg = Release|Any CPU
		{25B23590-766C-4D95-A7D7-7BCFFD941910}.Release|Any CPU.Build.0 = Release|Any CPU
	EndGlobalSection
	GlobalSection(SolutionProperties) = preSolution
		HideSolutionNode = FALSE
	EndGlobalSection
	GlobalSection(ExtensibilityGlobals) = postSolution
		SolutionGuid = {FB306F9D-E26C-412F-8CDC-C9E3F9BD214C}
	EndGlobalSection
EndGlobal
