
Microsoft Visual Studio Solution File, Format Version 12.00
# Visual Studio Version 16
VisualStudioVersion = 16.0.30406.217
MinimumVisualStudioVersion = 10.0.40219.1
Project("{9A19103F-16F7-4668-BE54-9A1E7A4F7556}") = "01.SortEvenNumbers", "01.SortEvenNumbers\01.SortEvenNumbers.csproj", "{06801166-33C0-4215-9776-35E06CD81D8D}"
EndProject
Project("{9A19103F-16F7-4668-BE54-9A1E7A4F7556}") = "02.SumNumbers", "02.SumNumbers\02.SumNumbers.csproj", "{8F31F2DD-18AA-4502-B8D1-EB1380E2B3BD}"
EndProject
Project("{9A19103F-16F7-4668-BE54-9A1E7A4F7556}") = "03.CountUppercaseWords", "03.CountUppercaseWords\03.CountUppercaseWords.csproj", "{C81C674C-D861-443C-9128-97500C82831D}"
EndProject
Project("{9A19103F-16F7-4668-BE54-9A1E7A4F7556}") = "04.AddVAT", "04.AddVAT\04.AddVAT.csproj", "{E12F2D6E-4BCC-4404-A625-2BE87CD6D22B}"
EndProject
Project("{9A19103F-16F7-4668-BE54-9A1E7A4F7556}") = "05.FilterByAge", "05.FilterByAge\05.FilterByAge.csproj", "{8E76C7DC-3D89-4080-B8C9-9B6F39CCEF33}"
EndProject
Global
	GlobalSection(SolutionConfigurationPlatforms) = preSolution
		Debug|Any CPU = Debug|Any CPU
		Release|Any CPU = Release|Any CPU
	EndGlobalSection
	GlobalSection(ProjectConfigurationPlatforms) = postSolution
		{06801166-33C0-4215-9776-35E06CD81D8D}.Debug|Any CPU.ActiveCfg = Debug|Any CPU
		{06801166-33C0-4215-9776-35E06CD81D8D}.Debug|Any CPU.Build.0 = Debug|Any CPU
		{06801166-33C0-4215-9776-35E06CD81D8D}.Release|Any CPU.ActiveCfg = Release|Any CPU
		{06801166-33C0-4215-9776-35E06CD81D8D}.Release|Any CPU.Build.0 = Release|Any CPU
		{8F31F2DD-18AA-4502-B8D1-EB1380E2B3BD}.Debug|Any CPU.ActiveCfg = Debug|Any CPU
		{8F31F2DD-18AA-4502-B8D1-EB1380E2B3BD}.Debug|Any CPU.Build.0 = Debug|Any CPU
		{8F31F2DD-18AA-4502-B8D1-EB1380E2B3BD}.Release|Any CPU.ActiveCfg = Release|Any CPU
		{8F31F2DD-18AA-4502-B8D1-EB1380E2B3BD}.Release|Any CPU.Build.0 = Release|Any CPU
		{C81C674C-D861-443C-9128-97500C82831D}.Debug|Any CPU.ActiveCfg = Debug|Any CPU
		{C81C674C-D861-443C-9128-97500C82831D}.Debug|Any CPU.Build.0 = Debug|Any CPU
		{C81C674C-D861-443C-9128-97500C82831D}.Release|Any CPU.ActiveCfg = Release|Any CPU
		{C81C674C-D861-443C-9128-97500C82831D}.Release|Any CPU.Build.0 = Release|Any CPU
		{E12F2D6E-4BCC-4404-A625-2BE87CD6D22B}.Debug|Any CPU.ActiveCfg = Debug|Any CPU
		{E12F2D6E-4BCC-4404-A625-2BE87CD6D22B}.Debug|Any CPU.Build.0 = Debug|Any CPU
		{E12F2D6E-4BCC-4404-A625-2BE87CD6D22B}.Release|Any CPU.ActiveCfg = Release|Any CPU
		{E12F2D6E-4BCC-4404-A625-2BE87CD6D22B}.Release|Any CPU.Build.0 = Release|Any CPU
		{8E76C7DC-3D89-4080-B8C9-9B6F39CCEF33}.Debug|Any CPU.ActiveCfg = Debug|Any CPU
		{8E76C7DC-3D89-4080-B8C9-9B6F39CCEF33}.Debug|Any CPU.Build.0 = Debug|Any CPU
		{8E76C7DC-3D89-4080-B8C9-9B6F39CCEF33}.Release|Any CPU.ActiveCfg = Release|Any CPU
		{8E76C7DC-3D89-4080-B8C9-9B6F39CCEF33}.Release|Any CPU.Build.0 = Release|Any CPU
	EndGlobalSection
	GlobalSection(SolutionProperties) = preSolution
		HideSolutionNode = FALSE
	EndGlobalSection
	GlobalSection(ExtensibilityGlobals) = postSolution
		SolutionGuid = {F7AA9FDF-BEDA-460D-B956-A16653662364}
	EndGlobalSection
EndGlobal
