
Microsoft Visual Studio Solution File, Format Version 12.00
# Visual Studio Version 16
VisualStudioVersion = 16.0.30406.217
MinimumVisualStudioVersion = 10.0.40219.1
Project("{9A19103F-16F7-4668-BE54-9A1E7A4F7556}") = "CarManufacturer", "CarManufacturer\CarManufacturer.csproj", "{5F81D501-7DE1-4388-BFBD-7F172163EB22}"
EndProject
Project("{FAE04EC0-301F-11D3-BF4B-00C04F79EFBC}") = "SpecialCars", "5. SpecialCars\SpecialCars.csproj", "{4036729F-CEC2-42DE-B3D9-82A8CF07D3D7}"
EndProject
Global
	GlobalSection(SolutionConfigurationPlatforms) = preSolution
		Debug|Any CPU = Debug|Any CPU
		Release|Any CPU = Release|Any CPU
	EndGlobalSection
	GlobalSection(ProjectConfigurationPlatforms) = postSolution
		{5F81D501-7DE1-4388-BFBD-7F172163EB22}.Debug|Any CPU.ActiveCfg = Debug|Any CPU
		{5F81D501-7DE1-4388-BFBD-7F172163EB22}.Debug|Any CPU.Build.0 = Debug|Any CPU
		{5F81D501-7DE1-4388-BFBD-7F172163EB22}.Release|Any CPU.ActiveCfg = Release|Any CPU
		{5F81D501-7DE1-4388-BFBD-7F172163EB22}.Release|Any CPU.Build.0 = Release|Any CPU
		{4036729F-CEC2-42DE-B3D9-82A8CF07D3D7}.Debug|Any CPU.ActiveCfg = Debug|Any CPU
		{4036729F-CEC2-42DE-B3D9-82A8CF07D3D7}.Debug|Any CPU.Build.0 = Debug|Any CPU
		{4036729F-CEC2-42DE-B3D9-82A8CF07D3D7}.Release|Any CPU.ActiveCfg = Release|Any CPU
		{4036729F-CEC2-42DE-B3D9-82A8CF07D3D7}.Release|Any CPU.Build.0 = Release|Any CPU
	EndGlobalSection
	GlobalSection(SolutionProperties) = preSolution
		HideSolutionNode = FALSE
	EndGlobalSection
	GlobalSection(ExtensibilityGlobals) = postSolution
		SolutionGuid = {236E82F1-6D9A-4585-95D5-547547B7B7A8}
	EndGlobalSection
EndGlobal
