
Microsoft Visual Studio Solution File, Format Version 12.00
# Visual Studio Version 16
VisualStudioVersion = 16.0.30406.217
MinimumVisualStudioVersion = 10.0.40219.1
Project("{FAE04EC0-301F-11D3-BF4B-00C04F79EFBC}") = "01.ActionPrint", "01.ActionPrint\01.ActionPrint.csproj", "{927E1B0F-A190-425F-B2C1-CCEEEFD58AB7}"
EndProject
Project("{FAE04EC0-301F-11D3-BF4B-00C04F79EFBC}") = "02.KnightsOfHonor", "02.KnightsOfHonor\02.KnightsOfHonor.csproj", "{BADE1D85-09CE-4B04-A0FC-C9DED2E49748}"
EndProject
Project("{FAE04EC0-301F-11D3-BF4B-00C04F79EFBC}") = "03.CustomMinFunction", "03.CustomMinFunction\03.CustomMinFunction.csproj", "{E6557B1A-1B55-4D10-A425-B80EA17D2FCC}"
EndProject
Project("{FAE04EC0-301F-11D3-BF4B-00C04F79EFBC}") = "04.FindEvensOrOdds", "04.FindEvensOrOdds\04.FindEvensOrOdds.csproj", "{82D466AC-8561-4CE4-AF15-DCF3CC22A216}"
EndProject
Project("{FAE04EC0-301F-11D3-BF4B-00C04F79EFBC}") = "05.AppliedArithmetics", "05.AppliedArithmetics\05.AppliedArithmetics.csproj", "{27D90295-5546-40B9-A72C-C0F801E57E0C}"
EndProject
Project("{FAE04EC0-301F-11D3-BF4B-00C04F79EFBC}") = "06.ReverseAndExclude", "06.ReverseAndExclude\06.ReverseAndExclude.csproj", "{7912F186-A4B4-4A08-8077-04480F2C8956}"
EndProject
Project("{FAE04EC0-301F-11D3-BF4B-00C04F79EFBC}") = "07.PredicateForNames", "07.PredicateForNames\07.PredicateForNames.csproj", "{1A043F41-9289-4C8D-BD11-E5A41E3CC8B4}"
EndProject
Project("{FAE04EC0-301F-11D3-BF4B-00C04F79EFBC}") = "09.ListOfPredicates", "09.ListOfPredicates\09.ListOfPredicates.csproj", "{0FFB8255-FAEB-4DA3-8A4A-19B435429E1C}"
EndProject
Project("{FAE04EC0-301F-11D3-BF4B-00C04F79EFBC}") = "09. ListOfPredicates2", "09. ListOfPredicates2\09. ListOfPredicates2.csproj", "{756AEA0D-01AE-4A3E-953B-2BB4FB0939B0}"
EndProject
Project("{FAE04EC0-301F-11D3-BF4B-00C04F79EFBC}") = "10.PredicateParty!", "10.PredicateParty!\10.PredicateParty!.csproj", "{CA6B9B41-F35C-44B7-ABE6-9F371183C25D}"
EndProject
Project("{FAE04EC0-301F-11D3-BF4B-00C04F79EFBC}") = "12.TriFunction", "12.TriFunction\12.TriFunction.csproj", "{98596D83-078A-4C61-94AC-BC0DC35DF237}"
EndProject
Global
	GlobalSection(SolutionConfigurationPlatforms) = preSolution
		Debug|Any CPU = Debug|Any CPU
		Release|Any CPU = Release|Any CPU
	EndGlobalSection
	GlobalSection(ProjectConfigurationPlatforms) = postSolution
		{927E1B0F-A190-425F-B2C1-CCEEEFD58AB7}.Debug|Any CPU.ActiveCfg = Debug|Any CPU
		{927E1B0F-A190-425F-B2C1-CCEEEFD58AB7}.Debug|Any CPU.Build.0 = Debug|Any CPU
		{927E1B0F-A190-425F-B2C1-CCEEEFD58AB7}.Release|Any CPU.ActiveCfg = Release|Any CPU
		{927E1B0F-A190-425F-B2C1-CCEEEFD58AB7}.Release|Any CPU.Build.0 = Release|Any CPU
		{BADE1D85-09CE-4B04-A0FC-C9DED2E49748}.Debug|Any CPU.ActiveCfg = Debug|Any CPU
		{BADE1D85-09CE-4B04-A0FC-C9DED2E49748}.Debug|Any CPU.Build.0 = Debug|Any CPU
		{BADE1D85-09CE-4B04-A0FC-C9DED2E49748}.Release|Any CPU.ActiveCfg = Release|Any CPU
		{BADE1D85-09CE-4B04-A0FC-C9DED2E49748}.Release|Any CPU.Build.0 = Release|Any CPU
		{E6557B1A-1B55-4D10-A425-B80EA17D2FCC}.Debug|Any CPU.ActiveCfg = Debug|Any CPU
		{E6557B1A-1B55-4D10-A425-B80EA17D2FCC}.Debug|Any CPU.Build.0 = Debug|Any CPU
		{E6557B1A-1B55-4D10-A425-B80EA17D2FCC}.Release|Any CPU.ActiveCfg = Release|Any CPU
		{E6557B1A-1B55-4D10-A425-B80EA17D2FCC}.Release|Any CPU.Build.0 = Release|Any CPU
		{82D466AC-8561-4CE4-AF15-DCF3CC22A216}.Debug|Any CPU.ActiveCfg = Debug|Any CPU
		{82D466AC-8561-4CE4-AF15-DCF3CC22A216}.Debug|Any CPU.Build.0 = Debug|Any CPU
		{82D466AC-8561-4CE4-AF15-DCF3CC22A216}.Release|Any CPU.ActiveCfg = Release|Any CPU
		{82D466AC-8561-4CE4-AF15-DCF3CC22A216}.Release|Any CPU.Build.0 = Release|Any CPU
		{27D90295-5546-40B9-A72C-C0F801E57E0C}.Debug|Any CPU.ActiveCfg = Debug|Any CPU
		{27D90295-5546-40B9-A72C-C0F801E57E0C}.Debug|Any CPU.Build.0 = Debug|Any CPU
		{27D90295-5546-40B9-A72C-C0F801E57E0C}.Release|Any CPU.ActiveCfg = Release|Any CPU
		{27D90295-5546-40B9-A72C-C0F801E57E0C}.Release|Any CPU.Build.0 = Release|Any CPU
		{7912F186-A4B4-4A08-8077-04480F2C8956}.Debug|Any CPU.ActiveCfg = Debug|Any CPU
		{7912F186-A4B4-4A08-8077-04480F2C8956}.Debug|Any CPU.Build.0 = Debug|Any CPU
		{7912F186-A4B4-4A08-8077-04480F2C8956}.Release|Any CPU.ActiveCfg = Release|Any CPU
		{7912F186-A4B4-4A08-8077-04480F2C8956}.Release|Any CPU.Build.0 = Release|Any CPU
		{1A043F41-9289-4C8D-BD11-E5A41E3CC8B4}.Debug|Any CPU.ActiveCfg = Debug|Any CPU
		{1A043F41-9289-4C8D-BD11-E5A41E3CC8B4}.Debug|Any CPU.Build.0 = Debug|Any CPU
		{1A043F41-9289-4C8D-BD11-E5A41E3CC8B4}.Release|Any CPU.ActiveCfg = Release|Any CPU
		{1A043F41-9289-4C8D-BD11-E5A41E3CC8B4}.Release|Any CPU.Build.0 = Release|Any CPU
		{0FFB8255-FAEB-4DA3-8A4A-19B435429E1C}.Debug|Any CPU.ActiveCfg = Debug|Any CPU
		{0FFB8255-FAEB-4DA3-8A4A-19B435429E1C}.Debug|Any CPU.Build.0 = Debug|Any CPU
		{0FFB8255-FAEB-4DA3-8A4A-19B435429E1C}.Release|Any CPU.ActiveCfg = Release|Any CPU
		{0FFB8255-FAEB-4DA3-8A4A-19B435429E1C}.Release|Any CPU.Build.0 = Release|Any CPU
		{756AEA0D-01AE-4A3E-953B-2BB4FB0939B0}.Debug|Any CPU.ActiveCfg = Debug|Any CPU
		{756AEA0D-01AE-4A3E-953B-2BB4FB0939B0}.Debug|Any CPU.Build.0 = Debug|Any CPU
		{756AEA0D-01AE-4A3E-953B-2BB4FB0939B0}.Release|Any CPU.ActiveCfg = Release|Any CPU
		{756AEA0D-01AE-4A3E-953B-2BB4FB0939B0}.Release|Any CPU.Build.0 = Release|Any CPU
		{CA6B9B41-F35C-44B7-ABE6-9F371183C25D}.Debug|Any CPU.ActiveCfg = Debug|Any CPU
		{CA6B9B41-F35C-44B7-ABE6-9F371183C25D}.Debug|Any CPU.Build.0 = Debug|Any CPU
		{CA6B9B41-F35C-44B7-ABE6-9F371183C25D}.Release|Any CPU.ActiveCfg = Release|Any CPU
		{CA6B9B41-F35C-44B7-ABE6-9F371183C25D}.Release|Any CPU.Build.0 = Release|Any CPU
		{98596D83-078A-4C61-94AC-BC0DC35DF237}.Debug|Any CPU.ActiveCfg = Debug|Any CPU
		{98596D83-078A-4C61-94AC-BC0DC35DF237}.Debug|Any CPU.Build.0 = Debug|Any CPU
		{98596D83-078A-4C61-94AC-BC0DC35DF237}.Release|Any CPU.ActiveCfg = Release|Any CPU
		{98596D83-078A-4C61-94AC-BC0DC35DF237}.Release|Any CPU.Build.0 = Release|Any CPU
	EndGlobalSection
	GlobalSection(SolutionProperties) = preSolution
		HideSolutionNode = FALSE
	EndGlobalSection
	GlobalSection(ExtensibilityGlobals) = postSolution
		SolutionGuid = {6C0DB47A-7DCD-4C13-9659-DB2F976D4ACB}
	EndGlobalSection
EndGlobal
