
Microsoft Visual Studio Solution File, Format Version 12.00
# Visual Studio Version 16
VisualStudioVersion = 16.0.30406.217
MinimumVisualStudioVersion = 10.0.40219.1
Project("{FAE04EC0-301F-11D3-BF4B-00C04F79EFBC}") = "01.ListyIterator", "01.ListyIterator\01.ListyIterator.csproj", "{FC94BC98-D33B-43A2-A975-DF0ACFE14E6B}"
EndProject
Project("{FAE04EC0-301F-11D3-BF4B-00C04F79EFBC}") = "02.Collection", "02.Collection\02.Collection.csproj", "{28E6C63B-FFBF-4336-9800-14B91909EABD}"
EndProject
Project("{FAE04EC0-301F-11D3-BF4B-00C04F79EFBC}") = "03.Stack", "03.Stack\03.Stack.csproj", "{0524AC41-1C4C-45CC-B34E-A6F9AD35B1D3}"
EndProject
Project("{FAE04EC0-301F-11D3-BF4B-00C04F79EFBC}") = "04.Froggy", "04.Froggy\04.Froggy.csproj", "{92CD6D62-4361-448B-A4C5-6FE524BEF8BB}"
EndProject
Project("{FAE04EC0-301F-11D3-BF4B-00C04F79EFBC}") = "05.ComparingObjects", "05.ComparingObjects\05.ComparingObjects.csproj", "{AEF880A4-66E8-4038-B43C-FA265692A893}"
EndProject
Global
	GlobalSection(SolutionConfigurationPlatforms) = preSolution
		Debug|Any CPU = Debug|Any CPU
		Release|Any CPU = Release|Any CPU
	EndGlobalSection
	GlobalSection(ProjectConfigurationPlatforms) = postSolution
		{FC94BC98-D33B-43A2-A975-DF0ACFE14E6B}.Debug|Any CPU.ActiveCfg = Debug|Any CPU
		{FC94BC98-D33B-43A2-A975-DF0ACFE14E6B}.Debug|Any CPU.Build.0 = Debug|Any CPU
		{FC94BC98-D33B-43A2-A975-DF0ACFE14E6B}.Release|Any CPU.ActiveCfg = Release|Any CPU
		{FC94BC98-D33B-43A2-A975-DF0ACFE14E6B}.Release|Any CPU.Build.0 = Release|Any CPU
		{28E6C63B-FFBF-4336-9800-14B91909EABD}.Debug|Any CPU.ActiveCfg = Debug|Any CPU
		{28E6C63B-FFBF-4336-9800-14B91909EABD}.Debug|Any CPU.Build.0 = Debug|Any CPU
		{28E6C63B-FFBF-4336-9800-14B91909EABD}.Release|Any CPU.ActiveCfg = Release|Any CPU
		{28E6C63B-FFBF-4336-9800-14B91909EABD}.Release|Any CPU.Build.0 = Release|Any CPU
		{0524AC41-1C4C-45CC-B34E-A6F9AD35B1D3}.Debug|Any CPU.ActiveCfg = Debug|Any CPU
		{0524AC41-1C4C-45CC-B34E-A6F9AD35B1D3}.Debug|Any CPU.Build.0 = Debug|Any CPU
		{0524AC41-1C4C-45CC-B34E-A6F9AD35B1D3}.Release|Any CPU.ActiveCfg = Release|Any CPU
		{0524AC41-1C4C-45CC-B34E-A6F9AD35B1D3}.Release|Any CPU.Build.0 = Release|Any CPU
		{92CD6D62-4361-448B-A4C5-6FE524BEF8BB}.Debug|Any CPU.ActiveCfg = Debug|Any CPU
		{92CD6D62-4361-448B-A4C5-6FE524BEF8BB}.Debug|Any CPU.Build.0 = Debug|Any CPU
		{92CD6D62-4361-448B-A4C5-6FE524BEF8BB}.Release|Any CPU.ActiveCfg = Release|Any CPU
		{92CD6D62-4361-448B-A4C5-6FE524BEF8BB}.Release|Any CPU.Build.0 = Release|Any CPU
		{AEF880A4-66E8-4038-B43C-FA265692A893}.Debug|Any CPU.ActiveCfg = Debug|Any CPU
		{AEF880A4-66E8-4038-B43C-FA265692A893}.Debug|Any CPU.Build.0 = Debug|Any CPU
		{AEF880A4-66E8-4038-B43C-FA265692A893}.Release|Any CPU.ActiveCfg = Release|Any CPU
		{AEF880A4-66E8-4038-B43C-FA265692A893}.Release|Any CPU.Build.0 = Release|Any CPU
	EndGlobalSection
	GlobalSection(SolutionProperties) = preSolution
		HideSolutionNode = FALSE
	EndGlobalSection
	GlobalSection(ExtensibilityGlobals) = postSolution
		SolutionGuid = {A5D416B0-7F01-4DBF-9399-DA5E516E3640}
	EndGlobalSection
EndGlobal
