
Microsoft Visual Studio Solution File, Format Version 12.00
# Visual Studio Version 16
VisualStudioVersion = 16.0.30406.217
MinimumVisualStudioVersion = 10.0.40219.1
Project("{FAE04EC0-301F-11D3-BF4B-00C04F79EFBC}") = "1. SumMatrixElements", "1. SumMatrixElements\1. SumMatrixElements.csproj", "{8F6B500B-6B2F-44F1-8001-86C9930A5E5B}"
EndProject
Project("{FAE04EC0-301F-11D3-BF4B-00C04F79EFBC}") = "2. SumMatrixColumns", "2. SumMatrixColumns\2. SumMatrixColumns.csproj", "{AFBD139A-7181-4BFC-8400-E31B1A05FF4C}"
EndProject
Project("{FAE04EC0-301F-11D3-BF4B-00C04F79EFBC}") = "3. PrimaryDiagonal", "3. PrimaryDiagonal\3. PrimaryDiagonal.csproj", "{1CA7E419-5FD1-436A-BD74-E971F7495735}"
EndProject
Project("{FAE04EC0-301F-11D3-BF4B-00C04F79EFBC}") = "4. SymbolInMatrix", "4. SymbolInMatrix\4. SymbolInMatrix.csproj", "{9AB7ED19-F8EA-4877-9960-FE20FE2AD8D6}"
EndProject
Project("{FAE04EC0-301F-11D3-BF4B-00C04F79EFBC}") = "5. SquareWithMaximumSum", "5. SquareWithMaximumSum\5. SquareWithMaximumSum.csproj", "{2B4C7592-472E-404F-BFB0-A2616084ECC2}"
EndProject
Project("{FAE04EC0-301F-11D3-BF4B-00C04F79EFBC}") = "6. Jagged-ArrayModification", "6. Jagged-ArrayModification\6. Jagged-ArrayModification.csproj", "{26958438-0BEB-4675-B272-AACB752D76A6}"
EndProject
Project("{FAE04EC0-301F-11D3-BF4B-00C04F79EFBC}") = "7. PascalTriangle", "7. PascalTriangle\7. PascalTriangle.csproj", "{1D069244-AB90-4B9D-A64E-113B8A59B56A}"
EndProject
Global
	GlobalSection(SolutionConfigurationPlatforms) = preSolution
		Debug|Any CPU = Debug|Any CPU
		Release|Any CPU = Release|Any CPU
	EndGlobalSection
	GlobalSection(ProjectConfigurationPlatforms) = postSolution
		{8F6B500B-6B2F-44F1-8001-86C9930A5E5B}.Debug|Any CPU.ActiveCfg = Debug|Any CPU
		{8F6B500B-6B2F-44F1-8001-86C9930A5E5B}.Debug|Any CPU.Build.0 = Debug|Any CPU
		{8F6B500B-6B2F-44F1-8001-86C9930A5E5B}.Release|Any CPU.ActiveCfg = Release|Any CPU
		{8F6B500B-6B2F-44F1-8001-86C9930A5E5B}.Release|Any CPU.Build.0 = Release|Any CPU
		{AFBD139A-7181-4BFC-8400-E31B1A05FF4C}.Debug|Any CPU.ActiveCfg = Debug|Any CPU
		{AFBD139A-7181-4BFC-8400-E31B1A05FF4C}.Debug|Any CPU.Build.0 = Debug|Any CPU
		{AFBD139A-7181-4BFC-8400-E31B1A05FF4C}.Release|Any CPU.ActiveCfg = Release|Any CPU
		{AFBD139A-7181-4BFC-8400-E31B1A05FF4C}.Release|Any CPU.Build.0 = Release|Any CPU
		{1CA7E419-5FD1-436A-BD74-E971F7495735}.Debug|Any CPU.ActiveCfg = Debug|Any CPU
		{1CA7E419-5FD1-436A-BD74-E971F7495735}.Debug|Any CPU.Build.0 = Debug|Any CPU
		{1CA7E419-5FD1-436A-BD74-E971F7495735}.Release|Any CPU.ActiveCfg = Release|Any CPU
		{1CA7E419-5FD1-436A-BD74-E971F7495735}.Release|Any CPU.Build.0 = Release|Any CPU
		{9AB7ED19-F8EA-4877-9960-FE20FE2AD8D6}.Debug|Any CPU.ActiveCfg = Debug|Any CPU
		{9AB7ED19-F8EA-4877-9960-FE20FE2AD8D6}.Debug|Any CPU.Build.0 = Debug|Any CPU
		{9AB7ED19-F8EA-4877-9960-FE20FE2AD8D6}.Release|Any CPU.ActiveCfg = Release|Any CPU
		{9AB7ED19-F8EA-4877-9960-FE20FE2AD8D6}.Release|Any CPU.Build.0 = Release|Any CPU
		{2B4C7592-472E-404F-BFB0-A2616084ECC2}.Debug|Any CPU.ActiveCfg = Debug|Any CPU
		{2B4C7592-472E-404F-BFB0-A2616084ECC2}.Debug|Any CPU.Build.0 = Debug|Any CPU
		{2B4C7592-472E-404F-BFB0-A2616084ECC2}.Release|Any CPU.ActiveCfg = Release|Any CPU
		{2B4C7592-472E-404F-BFB0-A2616084ECC2}.Release|Any CPU.Build.0 = Release|Any CPU
		{26958438-0BEB-4675-B272-AACB752D76A6}.Debug|Any CPU.ActiveCfg = Debug|Any CPU
		{26958438-0BEB-4675-B272-AACB752D76A6}.Debug|Any CPU.Build.0 = Debug|Any CPU
		{26958438-0BEB-4675-B272-AACB752D76A6}.Release|Any CPU.ActiveCfg = Release|Any CPU
		{26958438-0BEB-4675-B272-AACB752D76A6}.Release|Any CPU.Build.0 = Release|Any CPU
		{1D069244-AB90-4B9D-A64E-113B8A59B56A}.Debug|Any CPU.ActiveCfg = Debug|Any CPU
		{1D069244-AB90-4B9D-A64E-113B8A59B56A}.Debug|Any CPU.Build.0 = Debug|Any CPU
		{1D069244-AB90-4B9D-A64E-113B8A59B56A}.Release|Any CPU.ActiveCfg = Release|Any CPU
		{1D069244-AB90-4B9D-A64E-113B8A59B56A}.Release|Any CPU.Build.0 = Release|Any CPU
	EndGlobalSection
	GlobalSection(SolutionProperties) = preSolution
		HideSolutionNode = FALSE
	EndGlobalSection
	GlobalSection(ExtensibilityGlobals) = postSolution
		SolutionGuid = {67D07E1E-361C-4FEB-8BA4-D017341E1524}
	EndGlobalSection
EndGlobal
