
Microsoft Visual Studio Solution File, Format Version 12.00
# Visual Studio Version 16
VisualStudioVersion = 16.0.30406.217
MinimumVisualStudioVersion = 10.0.40219.1
Project("{FAE04EC0-301F-11D3-BF4B-00C04F79EFBC}") = "01.Lootbox", "01.Lootbox\01.Lootbox.csproj", "{66D684F7-7DA8-4917-97D9-D8EA452E0B4B}"
EndProject
Project("{FAE04EC0-301F-11D3-BF4B-00C04F79EFBC}") = "02.Re-Volt", "02.Re-Volt\02.Re-Volt.csproj", "{FD9FD839-0376-4A1F-A910-DE782B12928F}"
EndProject
Global
	GlobalSection(SolutionConfigurationPlatforms) = preSolution
		Debug|Any CPU = Debug|Any CPU
		Release|Any CPU = Release|Any CPU
	EndGlobalSection
	GlobalSection(ProjectConfigurationPlatforms) = postSolution
		{66D684F7-7DA8-4917-97D9-D8EA452E0B4B}.Debug|Any CPU.ActiveCfg = Debug|Any CPU
		{66D684F7-7DA8-4917-97D9-D8EA452E0B4B}.Debug|Any CPU.Build.0 = Debug|Any CPU
		{66D684F7-7DA8-4917-97D9-D8EA452E0B4B}.Release|Any CPU.ActiveCfg = Release|Any CPU
		{66D684F7-7DA8-4917-97D9-D8EA452E0B4B}.Release|Any CPU.Build.0 = Release|Any CPU
		{FD9FD839-0376-4A1F-A910-DE782B12928F}.Debug|Any CPU.ActiveCfg = Debug|Any CPU
		{FD9FD839-0376-4A1F-A910-DE782B12928F}.Debug|Any CPU.Build.0 = Debug|Any CPU
		{FD9FD839-0376-4A1F-A910-DE782B12928F}.Release|Any CPU.ActiveCfg = Release|Any CPU
		{FD9FD839-0376-4A1F-A910-DE782B12928F}.Release|Any CPU.Build.0 = Release|Any CPU
	EndGlobalSection
	GlobalSection(SolutionProperties) = preSolution
		HideSolutionNode = FALSE
	EndGlobalSection
	GlobalSection(ExtensibilityGlobals) = postSolution
		SolutionGuid = {42D7A178-E5BB-429F-A69D-5FF230EC9ED6}
	EndGlobalSection
EndGlobal
