
Microsoft Visual Studio Solution File, Format Version 12.00
# Visual Studio Version 16
VisualStudioVersion = 16.0.30406.217
MinimumVisualStudioVersion = 10.0.40219.1
Project("{9A19103F-16F7-4668-BE54-9A1E7A4F7556}") = "02.Warships40", "02.Warships\02.Warships40.csproj", "{B413A733-93E5-4139-8A8C-45EF20CC4BCA}"
EndProject
Project("{9A19103F-16F7-4668-BE54-9A1E7A4F7556}") = "02. Warships", "02. Warships\02. Warships.csproj", "{54FD5B27-16B3-421D-8DEF-35C2EFB1F41D}"
EndProject
Project("{FAE04EC0-301F-11D3-BF4B-00C04F79EFBC}") = "01.TheFightForGondor", "01.TheFightForGondor\01.TheFightForGondor.csproj", "{FBCB186C-D4C6-4323-ADD4-086175F952A9}"
EndProject
Global
	GlobalSection(SolutionConfigurationPlatforms) = preSolution
		Debug|Any CPU = Debug|Any CPU
		Release|Any CPU = Release|Any CPU
	EndGlobalSection
	GlobalSection(ProjectConfigurationPlatforms) = postSolution
		{B413A733-93E5-4139-8A8C-45EF20CC4BCA}.Debug|Any CPU.ActiveCfg = Debug|Any CPU
		{B413A733-93E5-4139-8A8C-45EF20CC4BCA}.Debug|Any CPU.Build.0 = Debug|Any CPU
		{B413A733-93E5-4139-8A8C-45EF20CC4BCA}.Release|Any CPU.ActiveCfg = Release|Any CPU
		{B413A733-93E5-4139-8A8C-45EF20CC4BCA}.Release|Any CPU.Build.0 = Release|Any CPU
		{54FD5B27-16B3-421D-8DEF-35C2EFB1F41D}.Debug|Any CPU.ActiveCfg = Debug|Any CPU
		{54FD5B27-16B3-421D-8DEF-35C2EFB1F41D}.Debug|Any CPU.Build.0 = Debug|Any CPU
		{54FD5B27-16B3-421D-8DEF-35C2EFB1F41D}.Release|Any CPU.ActiveCfg = Release|Any CPU
		{54FD5B27-16B3-421D-8DEF-35C2EFB1F41D}.Release|Any CPU.Build.0 = Release|Any CPU
		{FBCB186C-D4C6-4323-ADD4-086175F952A9}.Debug|Any CPU.ActiveCfg = Debug|Any CPU
		{FBCB186C-D4C6-4323-ADD4-086175F952A9}.Debug|Any CPU.Build.0 = Debug|Any CPU
		{FBCB186C-D4C6-4323-ADD4-086175F952A9}.Release|Any CPU.ActiveCfg = Release|Any CPU
		{FBCB186C-D4C6-4323-ADD4-086175F952A9}.Release|Any CPU.Build.0 = Release|Any CPU
	EndGlobalSection
	GlobalSection(SolutionProperties) = preSolution
		HideSolutionNode = FALSE
	EndGlobalSection
	GlobalSection(ExtensibilityGlobals) = postSolution
		SolutionGuid = {3FF0A428-6678-443D-90C9-23486962BAAD}
	EndGlobalSection
EndGlobal
